
Microsoft Visual Studio Solution File, Format Version 12.00
# Visual Studio Version 16
VisualStudioVersion = 16.0.31911.196
MinimumVisualStudioVersion = 10.0.40219.1
Project("{8BC9CEB8-8B4A-11D0-8D11-00A0C91BC942}") = "Timba Test", "Timba Test\Timba Test.vcxproj", "{2F9F173E-08B0-42EA-A94A-333F38D586E0}"
EndProject
Global
	GlobalSection(SolutionConfigurationPlatforms) = preSolution
		Debug|x64 = Debug|x64
		Debug|x86 = Debug|x86
		Release|x64 = Release|x64
		Release|x86 = Release|x86
	EndGlobalSection
	GlobalSection(ProjectConfigurationPlatforms) = postSolution
		{2F9F173E-08B0-42EA-A94A-333F38D586E0}.Debug|x64.ActiveCfg = Debug|x64
		{2F9F173E-08B0-42EA-A94A-333F38D586E0}.Debug|x64.Build.0 = Debug|x64
		{2F9F173E-08B0-42EA-A94A-333F38D586E0}.Debug|x86.ActiveCfg = Debug|Win32
		{2F9F173E-08B0-42EA-A94A-333F38D586E0}.Debug|x86.Build.0 = Debug|Win32
		{2F9F173E-08B0-42EA-A94A-333F38D586E0}.Release|x64.ActiveCfg = Release|x64
		{2F9F173E-08B0-42EA-A94A-333F38D586E0}.Release|x64.Build.0 = Release|x64
		{2F9F173E-08B0-42EA-A94A-333F38D586E0}.Release|x86.ActiveCfg = Release|Win32
		{2F9F173E-08B0-42EA-A94A-333F38D586E0}.Release|x86.Build.0 = Release|Win32
	EndGlobalSection
	GlobalSection(SolutionProperties) = preSolution
		HideSolutionNode = FALSE
	EndGlobalSection
	GlobalSection(ExtensibilityGlobals) = postSolution
		SolutionGuid = {694B6240-1F68-4F67-AEB9-F0FAAF63A3CD}
	EndGlobalSection
EndGlobal
